
Microsoft Visual Studio Solution File, Format Version 12.00
# Visual Studio Version 17
VisualStudioVersion = 17.8.34330.188
MinimumVisualStudioVersion = 10.0.40219.1
Project("{FAE04EC0-301F-11D3-BF4B-00C04F79EFBC}") = "SFinance", "SFinance\SFinance.csproj", "{ED35CCD4-6D17-432C-BECF-79E3CB7398ED}"
EndProject
Global
	GlobalSection(SolutionConfigurationPlatforms) = preSolution
		Debug|Any CPU = Debug|Any CPU
		Release|Any CPU = Release|Any CPU
	EndGlobalSection
	GlobalSection(ProjectConfigurationPlatforms) = postSolution
		{ED35CCD4-6D17-432C-BECF-79E3CB7398ED}.Debug|Any CPU.ActiveCfg = Debug|Any CPU
		{ED35CCD4-6D17-432C-BECF-79E3CB7398ED}.Debug|Any CPU.Build.0 = Debug|Any CPU
		{ED35CCD4-6D17-432C-BECF-79E3CB7398ED}.Release|Any CPU.ActiveCfg = Release|Any CPU
		{ED35CCD4-6D17-432C-BECF-79E3CB7398ED}.Release|Any CPU.Build.0 = Release|Any CPU
	EndGlobalSection
	GlobalSection(SolutionProperties) = preSolution
		HideSolutionNode = FALSE
	EndGlobalSection
	GlobalSection(ExtensibilityGlobals) = postSolution
		SolutionGuid = {B394AB75-DBC3-45CB-A4BC-9C2AAC4C07A7}
	EndGlobalSection
EndGlobal
